
Microsoft Visual Studio Solution File, Format Version 12.00
# Visual Studio Version 16
VisualStudioVersion = 16.0.30907.101
MinimumVisualStudioVersion = 10.0.40219.1
Project("{FAE04EC0-301F-11D3-BF4B-00C04F79EFBC}") = "Electronicute.Allinpay.SDK", "Electronicute.Allinpay.SDK.csproj", "{10001B15-2DE8-445D-B39A-9354C225F917}"
EndProject
Project("{FAE04EC0-301F-11D3-BF4B-00C04F79EFBC}") = "AllinpayTest", "..\AllinpayTest\AllinpayTest.csproj", "{7D9DD192-3370-49AB-AADD-26FC4760EC05}"
EndProject
Global
	GlobalSection(SolutionConfigurationPlatforms) = preSolution
		Debug|Any CPU = Debug|Any CPU
		Release|Any CPU = Release|Any CPU
	EndGlobalSection
	GlobalSection(ProjectConfigurationPlatforms) = postSolution
		{10001B15-2DE8-445D-B39A-9354C225F917}.Debug|Any CPU.ActiveCfg = Debug|Any CPU
		{10001B15-2DE8-445D-B39A-9354C225F917}.Debug|Any CPU.Build.0 = Debug|Any CPU
		{10001B15-2DE8-445D-B39A-9354C225F917}.Release|Any CPU.ActiveCfg = Release|Any CPU
		{10001B15-2DE8-445D-B39A-9354C225F917}.Release|Any CPU.Build.0 = Release|Any CPU
		{7D9DD192-3370-49AB-AADD-26FC4760EC05}.Debug|Any CPU.ActiveCfg = Debug|Any CPU
		{7D9DD192-3370-49AB-AADD-26FC4760EC05}.Debug|Any CPU.Build.0 = Debug|Any CPU
		{7D9DD192-3370-49AB-AADD-26FC4760EC05}.Release|Any CPU.ActiveCfg = Release|Any CPU
		{7D9DD192-3370-49AB-AADD-26FC4760EC05}.Release|Any CPU.Build.0 = Release|Any CPU
	EndGlobalSection
	GlobalSection(SolutionProperties) = preSolution
		HideSolutionNode = FALSE
	EndGlobalSection
	GlobalSection(ExtensibilityGlobals) = postSolution
		SolutionGuid = {E9563B0B-8146-4D7A-AE23-B52EE99F2447}
	EndGlobalSection
EndGlobal
